github.com/BurntSushi/freetype-go v0.0.0-20160129220410-b763ddbfe298 h1:1qlsVAQJXZHsaM8b6OLVo6muQUQd4CwkH/D3fnnbHXA=
github.com/BurntSushi/freetype-go v0.0.0-20160129220410-b763ddbfe298/go.mod h1:D+QujdIlUNfa0igpNMk6UIvlb6C252URs4yupRUV4lQ=
github.com/BurntSushi/toml v0.3.1 h1:WXkYYl6Yr3qBf1K79EBnL4mak0OimBfB0XUf9Vl28OQ=
github.com/BurntSushi/toml v0.3.1/go.mod h1:xHWCNGjB5oqiDr8zfno3MHue2Ht5sIBksp03qcyfWMU=
github.com/davecgh/go-spew v1.1.0/go.mod h1:J7Y8YcW2NihsgmVo/mv3lAwl/skON4iLHjSsI+c5H38=
github.com/davecgh/go-spew v1.1.1 h1:vj9j/u1bqnvCEfJOwUhtlOARqs3+rkHYY13jYWTU97c=
github.com/davecgh/go-spew v1.1.1/go.mod h1:J7Y8YcW2NihsgmVo/mv3lAwl/skON4iLHjSsI+c5H38=
github.com/disintegration/gift v0.0.0-20150417200635-5b044b74c0b1 h1:oJ4Skp/73tabnyMR9ylyEfZGMw9lp+/D6XgE25+k3Ns=
github.com/disintegration/gift v0.0.0-20150417200635-5b044b74c0b1/go.mod h1:Jh2i7f7Q2BM7Ezno3PhfezbR1xpUg9dUg3/RlKGr4HI=
github.com/disintegration/imaging v0.0.0-20151003014424-546cb3c5137b h1:IHmtzTCBi7px9AgNwT2L9AT2zY+x08whypSA7SWQIec=
github.com/disintegration/imaging v0.0.0-20151003014424-546cb3c5137b/go.mod h1:9B/deIUIrliYkyMTuXJd6OUFLcrZ2tf+3Qlwnaf/CjU=
github.com/dustin/go-humanize v1.0.0 h1:VSnTsYCnlFHaM2/igO1h6X3HA71jcobQuxemgkq4zYo=
github.com/dustin/go-humanize v1.0.0/go.mod h1:HtrtbFcZ19U5GC7JDqmcUSB87Iq5E25KnS6fMYU6eOk=
github.com/fsnotify/fsnotify v1.4.7 h1:IXs+QLmnXW2CcXuY+8Mzv/fWEsPGWxqefPtCP5CnV9I=
github.com/fsnotify/fsnotify v1.4.7/go.mod h1:jwhsz4b93w/PPRr/qN1Yymfu8t87LnFCMoQvtojpjFo=
github.com/koyachi/go-nude v0.0.2-0.20150410134931-699a88f33605 h1:pzQMOYaXmvuJGuDDy7FyN5VRiAgAD3TqSNbh3j+WlII=
github.com/koyachi/go-nude v0.0.2-0.20150410134931-699a88f33605/go.mod h1:fQEFeGrZjORtwWuXEPerqidDk4XpVv8+WWeexAxwfII=
github.com/kr/pretty v0.2.1 h1:Fmg33tUaq4/8ym9TJN1x7sLJnHVwhP33CNkpYV/7rwI=
github.com/kr/pretty v0.2.1/go.mod h1:ipq/a2n7PKx3OHsz4KJII5eveXtPO4qwEXGdVfWzfnI=
github.com/kr/pty v1.1.1/go.mod h1:pFQYn66WHrOpPYNljwOMqo10TkYh1fy3cYio2l3bCsQ=
github.com/kr/text v0.1.0 h1:45sCR5RtlFHMR4UwH9sdQ5TC8v0qDQCHnXt+kaKSTVE=
github.com/kr/text v0.1.0/go.mod h1:4Jbv+DJW3UT/LiOwJeYQe1efqtUx/iVham/4vfdArNI=
github.com/magiconair/properties v1.5.5-0.20151021204130-6ac0b95f4492 h1:oXjOx0WEb9zH72SmtBIUdcPH57lii7p6e8P4iEgIuF8=
github.com/magiconair/properties v1.5.5-0.20151021204130-6ac0b95f4492/go.mod h1:PppfXfuXeibc/6YijjN8zIbojt8czPbwD3XqdrwzmxQ=
github.com/mitchellh/mapstructure v0.0.0-20150717051158-281073eb9eb0 h1:6VeKv8nNMVKA6qmZLYnPTx0tJ//NbDj1SbubWIikJ9k=
github.com/mitchellh/mapstructure v0.0.0-20150717051158-281073eb9eb0/go.mod h1:FVVH3fgwuzCH5S8UJGiWEs2h04kUh9fWfEaFds41c1Y=
github.com/pmezard/go-difflib v1.0.0 h1:4DBwDE0NGyQoBHbLQYPwSUPoCMWR5BEzIk/f1lZbAQM=
github.com/pmezard/go-difflib v1.0.0/go.mod h1:iKH77koFhYxTK1pcRnkKkqfTogsbg7gZNVY4sRDYZ/4=
github.com/sirupsen/logrus v0.8.8-0.20151204141443-446d1c146faa h1:m/el72h+9qN6paZm6rFTNOBopXD2ffmwt9/OCo5ifsw=
github.com/sirupsen/logrus v0.8.8-0.20151204141443-446d1c146faa/go.mod h1:pMByvHTf9Beacp5x1UXfOR9xyW/9antXMhjMPG0dEzc=
github.com/spf13/cast v0.0.0-20150803163715-ee815aaf958c h1:53MdjxgQtfowf0DrTyHzzA8pPizHMbv777RaECQq6UY=
github.com/spf13/cast v0.0.0-20150803163715-ee815aaf958c/go.mod h1:r2rcYCSwa1IExKTDiTfzaxqT2FNHs8hODu4LnUfgKEg=
github.com/spf13/jwalterweatherman v0.0.0-20151106170057-c2aa07df5938 h1:mzvlQ2a/h4nEfrdFgR2k9/ioffQMe07lQ/jESliqrCk=
github.com/spf13/jwalterweatherman v0.0.0-20151106170057-c2aa07df5938/go.mod h1:cQK4TGJAtQXfYWX+Ddv3mKDzgVb68N+wFjFa4jdeBTo=
github.com/spf13/pflag v0.0.0-20151013200643-08b1a584251b h1:BnumbFpjTS6VXEbk2Xwk7CTt0HjRyX1rKAzaKTENl6A=
github.com/spf13/pflag v0.0.0-20151013200643-08b1a584251b/go.mod h1:DYY7MBk1bdzusC3SYhjObp+wFpr4gzcvqqNjLnInEg4=
github.com/spf13/viper v0.0.0-20151110042204-e37b56e207dd h1:3iwteGOX1BuXi9mioU5NCKC0Wuz9cA14HPSFNYoBncE=
github.com/spf13/viper v0.0.0-20151110042204-e37b56e207dd/go.mod h1:A8kyI5cUJhb8N+3pkfONlcEcZbueH6nhAm0Fq7SrnBM=
github.com/stretchr/objx v0.1.0/go.mod h1:HFkY916IF+rwdDfMAkV7OtwuqBVzrE8GR6GFx+wExME=
github.com/stretchr/testify v1.7.0 h1:nwc3DEeHmmLAfoZucVR881uASk0Mfjw8xYJ99tb5CcY=
github.com/stretchr/testify v1.7.0/go.mod h1:6Fq8oRcR53rry900zMqJjRRixrwX3KX962/h/Wwjteg=
gitlab.com/opennota/screengen v1.0.1 h1:oEYF/HEt/qDPT5CTjl4HhuiJDnTlwNBSce+kD/2itQ0=
gitlab.com/opennota/screengen v1.0.1/go.mod h1:4kED4yriw2zslwYmXFCa5qCvEKwleBA7l5OE+d94NTU=
gitlab.com/opennota/screengen v1.0.2-0.20221226180231-4f11d9e4d758 h1:hc3Zv4AU8jT9bXKxY6Wm5zzABn3SNOYO9qHMxfharnM=
gitlab.com/opennota/screengen v1.0.2-0.20221226180231-4f11d9e4d758/go.mod h1:4kED4yriw2zslwYmXFCa5qCvEKwleBA7l5OE+d94NTU=
golang.org/x/image v0.0.0-20150916112557-baddd3465a05 h1:1NCwmdUj5+iOsjHKYAF+ybBaLWEuWnya1hWF7Q9+MGo=
golang.org/x/image v0.0.0-20150916112557-baddd3465a05/go.mod h1:ux5Hcp/YLpHSI86hEcLt0YII63i6oz57MZXIpbrjZUs=
golang.org/x/sys v0.0.0-20151211033651-833a04a10549 h1:imXIGlmpdV8HlMP9DTrSVaxjoffgGbwFZdJl0Ous5dc=
golang.org/x/sys v0.0.0-20151211033651-833a04a10549/go.mod h1:STP8DvDyc/dI5b8T5hshtkjS+E42TnysNCUPdjciGhY=
gopkg.in/check.v1 v0.0.0-20161208181325-20d25e280405/go.mod h1:Co6ibVJAznAaIkqp8huTwlJQCZ016jof/cbN4VW5Yz0=
gopkg.in/check.v1 v1.0.0-20201130134442-10cb98267c6c h1:Hei/4ADfdWqJk1ZMxUNpqntNwaWcugrBjAiHlqqRiVk=
gopkg.in/check.v1 v1.0.0-20201130134442-10cb98267c6c/go.mod h1:JHkPIbrfpd72SG/EVd6muEfDQjcINNoR0C8j2r3qZ4Q=
gopkg.in/fsnotify.v1 v1.4.7 h1:xOHLXZwVvI9hhs+cLKq5+I5onOuwQLhQwiu63xxlHs4=
gopkg.in/fsnotify.v1 v1.4.7/go.mod h1:Tz8NjZHkW78fSQdbUxIjBTcgA1z1m8ZHf0WmKUhAMys=
gopkg.in/yaml.v2 v2.0.0-20151201162745-f7716cbe52ba h1:zs5kJPNmBQxScpRIdp+2eZySRHFWheLSbXfME4zAxgw=
gopkg.in/yaml.v2 v2.0.0-20151201162745-f7716cbe52ba/go.mod h1:JAlM8MvJe8wmxCU4Bli9HhUf9+ttbYbLASfIpnQbh74=
gopkg.in/yaml.v3 v3.0.0-20200313102051-9f266ea9e77c h1:dUUwHk2QECo/6vqA44rthZ8ie2QXMNeKRTHCNY2nXvo=
gopkg.in/yaml.v3 v3.0.0-20200313102051-9f266ea9e77c/go.mod h1:K4uyk7z7BCEPqu6E+C64Yfv1cQ7kz7rIZviUmN+EgEM=
