# This file is autogenerated, do not edit; changes may be undone by the next 'dep ensure'.


[[projects]]
  branch = "master"
  digest = "1:5d0a8c06d2c8b79a4d047d4adbad9a1d021529aca14e0d5fee121528356242ee"
  name = "github.com/BurntSushi/freetype-go"
  packages = [
    "freetype",
    "freetype/raster",
    "freetype/truetype",
  ]
  pruneopts = "UT"
  revision = "b763ddbfe298bf71c999a2833470da508f3a0677"

[[projects]]
  digest = "1:4c39f689f53896dd64c97f97c19cf7b762110ece2cee004532c5e5d5fe039208"
  name = "github.com/disintegration/gift"
  packages = ["."]
  pruneopts = "UT"
  revision = "5b044b74c0b1d476954f177d636e1ce20418e896"

[[projects]]
  digest = "1:b1d88d07ede12684b704704e27ac32d8829ecc8089f21811e86fb2189d964fe8"
  name = "github.com/disintegration/imaging"
  packages = ["."]
  pruneopts = "UT"
  revision = "546cb3c5137b3f1232e123a26aa033aade6b3066"

[[projects]]
  digest = "1:8d3a2e8eb85816ed0ad8fa34a8079042ddb34335dc7fa17c1850c4046d01d1f8"
  name = "github.com/dustin/go-humanize"
  packages = ["."]
  pruneopts = "UT"
  revision = "64dbdae0d393b7d71480a6dace78456396b55286"

[[projects]]
  digest = "1:abeb38ade3f32a92943e5be54f55ed6d6e3b6602761d74b4aab4c9dd45c18abd"
  name = "github.com/fsnotify/fsnotify"
  packages = ["."]
  pruneopts = "UT"
  revision = "c2828203cd70a50dcccfb2761f8b1f8ceef9a8e9"
  version = "v1.4.7"

[[projects]]
  digest = "1:c0d19ab64b32ce9fe5cf4ddceba78d5bc9807f0016db6b1183599da3dcc24d10"
  name = "github.com/hashicorp/hcl"
  packages = [
    ".",
    "hcl/ast",
    "hcl/parser",
    "hcl/printer",
    "hcl/scanner",
    "hcl/strconv",
    "hcl/token",
    "json/parser",
    "json/scanner",
    "json/token",
  ]
  pruneopts = "UT"
  revision = "8cb6e5b959231cc1119e43259c4a608f9c51a241"
  version = "v1.0.0"

[[projects]]
  branch = "master"
  digest = "1:df71c8835cbd7112a5d498e97735277eead3acaf00aac7a9d708b07501f69b49"
  name = "github.com/koyachi/go-nude"
  packages = ["."]
  pruneopts = "UT"
  revision = "699a88f33605865928ccd8cdd39bbce80fb1aaef"

[[projects]]
  digest = "1:b7742f323e6f354c76a3cb8e4af8bdd47a24e53a163f6730f7d3a3404cdaefcf"
  name = "github.com/magiconair/properties"
  packages = ["."]
  pruneopts = "UT"
  revision = "6ac0b95f449268951dd5c100682ea687a9866ea1"

[[projects]]
  digest = "1:922a47edb4c9b30c8d1e55ececa4fc35c791cccfac6b810c5155fc3a65751597"
  name = "github.com/mitchellh/mapstructure"
  packages = ["."]
  pruneopts = "UT"
  revision = "281073eb9eb092240d33ef253c404f1cca550309"

[[projects]]
  digest = "1:95741de3af260a92cc5c7f3f3061e85273f5a81b5db20d4bd68da74bd521675e"
  name = "github.com/pelletier/go-toml"
  packages = ["."]
  pruneopts = "UT"
  revision = "c01d1270ff3e442a8a57cddc1c92dc1138598194"
  version = "v1.2.0"

[[projects]]
  digest = "1:b02c7692cafc07de5e3cd97351462a4af8296a53e9ba78c7b76b7e1ba489138f"
  name = "github.com/sirupsen/logrus"
  packages = ["."]
  pruneopts = "UT"
  revision = "446d1c146faa8ed3f4218f056fcd165f6bcfda81"

[[projects]]
  digest = "1:6a4a11ba764a56d2758899ec6f3848d24698d48442ebce85ee7a3f63284526cd"
  name = "github.com/spf13/afero"
  packages = [
    ".",
    "mem",
  ]
  pruneopts = "UT"
  revision = "d40851caa0d747393da1ffb28f7f9d8b4eeffebd"
  version = "v1.1.2"

[[projects]]
  digest = "1:b8d53146a4d620d882737dc0bdab37e9c0529490f9331248df71de1e57773337"
  name = "github.com/spf13/cast"
  packages = ["."]
  pruneopts = "UT"
  revision = "ee815aaf958c707ad07547cd62150d973710f747"

[[projects]]
  digest = "1:05977f069a49707100ece280cd2732b6ed52164b8981adffdd4843f2eea889d4"
  name = "github.com/spf13/jwalterweatherman"
  packages = ["."]
  pruneopts = "UT"
  revision = "c2aa07df593850a04644d77bb757d002e517a296"

[[projects]]
  digest = "1:942bfaa322d0c415a88d6d3c64e12629a5bfdbd8dae7ca4483cc62aec19de0ac"
  name = "github.com/spf13/pflag"
  packages = ["."]
  pruneopts = "UT"
  revision = "08b1a584251b5b62f458943640fc8ebd4d50aaa5"

[[projects]]
  branch = "master"
  digest = "1:214775c11fd26da94a100111a62daa25339198a4f9c57cb4aab352da889f5b93"
  name = "github.com/spf13/viper"
  packages = ["."]
  pruneopts = "UT"
  revision = "e37b56e207dda4d79b9defe0548e960658ee8b6b"

[[projects]]
  branch = "master"
  digest = "1:45cf30fbebcfea79cb9b9575f8e2d104f2c9438be3ba10317433dbb52b672070"
  name = "gitlab.com/opennota/screengen"
  packages = ["."]
  pruneopts = "UT"
  revision = "07a6a531d91c60b8e6c63e683489790d7403fa16"

[[projects]]
  digest = "1:7331cf8c4def06b55da5b244def32c5510105d4c22040ecac3cbad8d99bdd175"
  name = "golang.org/x/image"
  packages = [
    "bmp",
    "tiff",
    "tiff/lzw",
  ]
  pruneopts = "UT"
  revision = "baddd3465a05d84a6d8d3507547a91cb188c81ea"

[[projects]]
  digest = "1:9d257aeafc17674a56449ca746be2ad6f5be4cd8047dd0d20a34fa8bafe11b68"
  name = "golang.org/x/sys"
  packages = ["unix"]
  pruneopts = "UT"
  revision = "833a04a10549a95dc34458c195cbad61bbb6cb4d"

[[projects]]
  digest = "1:8029e9743749d4be5bc9f7d42ea1659471767860f0cdc34d37c3111bd308a295"
  name = "golang.org/x/text"
  packages = [
    "internal/gen",
    "internal/triegen",
    "internal/ucd",
    "transform",
    "unicode/cldr",
    "unicode/norm",
  ]
  pruneopts = "UT"
  revision = "f21a4dfb5e38f5895301dc265a8def02365cc3d0"
  version = "v0.3.0"

[[projects]]
  digest = "1:10978cfda94a2069ac38ed0884b606aafe89f4578ff700b7845b02201a2d6b51"
  name = "gopkg.in/yaml.v2"
  packages = ["."]
  pruneopts = "UT"
  revision = "f7716cbe52baa25d2e9b0d0da546fcf909fc16b4"

[solve-meta]
  analyzer-name = "dep"
  analyzer-version = 1
  input-imports = [
    "github.com/BurntSushi/freetype-go/freetype",
    "github.com/disintegration/gift",
    "github.com/disintegration/imaging",
    "github.com/dustin/go-humanize",
    "github.com/koyachi/go-nude",
    "github.com/mitchellh/mapstructure",
    "github.com/sirupsen/logrus",
    "github.com/spf13/pflag",
    "github.com/spf13/viper",
    "gitlab.com/opennota/screengen",
  ]
  solver-name = "gps-cdcl"
  solver-version = 1
